
Microsoft Visual Studio Solution File, Format Version 12.00
# Visual Studio Version 17
VisualStudioVersion = 17.0.31903.59
MinimumVisualStudioVersion = 10.0.40219.1
Project("{FAE04EC0-301F-11D3-BF4B-00C04F79EFBC}") = "LibreKO.Common", "LibreKO.Common\LibreKO.Common.csproj", "{B557FFBA-FA52-4AE9-8959-D379610AF8DA}"
EndProject
Project("{FAE04EC0-301F-11D3-BF4B-00C04F79EFBC}") = "LibreKO.Quests", "LibreKO.Quests\LibreKO.Quests.csproj", "{56B8C770-7408-475E-8179-C31AC71DF526}"
EndProject
Project("{FAE04EC0-301F-11D3-BF4B-00C04F79EFBC}") = "LibreKO.Login", "LibreKO.Login\LibreKO.Login.csproj", "{3238B812-E5F8-4140-97DE-AFDA9B238426}"
EndProject
Project("{FAE04EC0-301F-11D3-BF4B-00C04F79EFBC}") = "LibreKO.Game", "LibreKO.Game\LibreKO.Game.csproj", "{FE45CCB3-38DE-4C5E-95B7-D28423D6710A}"
EndProject
Project("{2150E333-8FDC-42A3-9474-1A3956D46DE8}") = "tests", "tests", "{7BAB121C-2289-42AC-89DF-07381240252F}"
EndProject
Project("{FAE04EC0-301F-11D3-BF4B-00C04F79EFBC}") = "LibreKO.Common.Tests", "tests\LibreKO.Common.Tests\LibreKO.Common.Tests.csproj", "{3EA2DDF0-DF7A-4AF0-AEB7-F763AFAFD4CC}"
EndProject
Project("{FAE04EC0-301F-11D3-BF4B-00C04F79EFBC}") = "LibreKO.Login.Tests", "tests\LibreKO.Login.Tests\LibreKO.Login.Tests.csproj", "{8AEE2110-684B-44C5-9880-842D3A9C194D}"
EndProject
Project("{FAE04EC0-301F-11D3-BF4B-00C04F79EFBC}") = "LibreKO.Game.Tests", "tests\LibreKO.Game.Tests\LibreKO.Game.Tests.csproj", "{55EA3661-8891-4797-A2DF-3CC85DF9CBC1}"
EndProject
Global
	GlobalSection(SolutionConfigurationPlatforms) = preSolution
		Debug|Any CPU = Debug|Any CPU
		Debug|x64 = Debug|x64
		Debug|x86 = Debug|x86
		Release|Any CPU = Release|Any CPU
		Release|x64 = Release|x64
		Release|x86 = Release|x86
	EndGlobalSection
	GlobalSection(ProjectConfigurationPlatforms) = postSolution
		{B557FFBA-FA52-4AE9-8959-D379610AF8DA}.Debug|Any CPU.ActiveCfg = Debug|Any CPU
		{B557FFBA-FA52-4AE9-8959-D379610AF8DA}.Debug|Any CPU.Build.0 = Debug|Any CPU
		{B557FFBA-FA52-4AE9-8959-D379610AF8DA}.Debug|x64.ActiveCfg = Debug|Any CPU
		{B557FFBA-FA52-4AE9-8959-D379610AF8DA}.Debug|x64.Build.0 = Debug|Any CPU
		{B557FFBA-FA52-4AE9-8959-D379610AF8DA}.Debug|x86.ActiveCfg = Debug|Any CPU
		{B557FFBA-FA52-4AE9-8959-D379610AF8DA}.Debug|x86.Build.0 = Debug|Any CPU
		{B557FFBA-FA52-4AE9-8959-D379610AF8DA}.Release|Any CPU.ActiveCfg = Release|Any CPU
		{B557FFBA-FA52-4AE9-8959-D379610AF8DA}.Release|Any CPU.Build.0 = Release|Any CPU
		{B557FFBA-FA52-4AE9-8959-D379610AF8DA}.Release|x64.ActiveCfg = Release|Any CPU
		{B557FFBA-FA52-4AE9-8959-D379610AF8DA}.Release|x64.Build.0 = Release|Any CPU
		{B557FFBA-FA52-4AE9-8959-D379610AF8DA}.Release|x86.ActiveCfg = Release|Any CPU
		{B557FFBA-FA52-4AE9-8959-D379610AF8DA}.Release|x86.Build.0 = Release|Any CPU
		{56B8C770-7408-475E-8179-C31AC71DF526}.Debug|Any CPU.ActiveCfg = Debug|Any CPU
		{56B8C770-7408-475E-8179-C31AC71DF526}.Debug|Any CPU.Build.0 = Debug|Any CPU
		{56B8C770-7408-475E-8179-C31AC71DF526}.Debug|x64.ActiveCfg = Debug|Any CPU
		{56B8C770-7408-475E-8179-C31AC71DF526}.Debug|x64.Build.0 = Debug|Any CPU
		{56B8C770-7408-475E-8179-C31AC71DF526}.Debug|x86.ActiveCfg = Debug|Any CPU
		{56B8C770-7408-475E-8179-C31AC71DF526}.Debug|x86.Build.0 = Debug|Any CPU
		{56B8C770-7408-475E-8179-C31AC71DF526}.Release|Any CPU.ActiveCfg = Release|Any CPU
		{56B8C770-7408-475E-8179-C31AC71DF526}.Release|Any CPU.Build.0 = Release|Any CPU
		{56B8C770-7408-475E-8179-C31AC71DF526}.Release|x64.ActiveCfg = Release|Any CPU
		{56B8C770-7408-475E-8179-C31AC71DF526}.Release|x64.Build.0 = Release|Any CPU
		{56B8C770-7408-475E-8179-C31AC71DF526}.Release|x86.ActiveCfg = Release|Any CPU
		{56B8C770-7408-475E-8179-C31AC71DF526}.Release|x86.Build.0 = Release|Any CPU
		{3238B812-E5F8-4140-97DE-AFDA9B238426}.Debug|Any CPU.ActiveCfg = Debug|Any CPU
		{3238B812-E5F8-4140-97DE-AFDA9B238426}.Debug|Any CPU.Build.0 = Debug|Any CPU
		{3238B812-E5F8-4140-97DE-AFDA9B238426}.Debug|x64.ActiveCfg = Debug|Any CPU
		{3238B812-E5F8-4140-97DE-AFDA9B238426}.Debug|x64.Build.0 = Debug|Any CPU
		{3238B812-E5F8-4140-97DE-AFDA9B238426}.Debug|x86.ActiveCfg = Debug|Any CPU
		{3238B812-E5F8-4140-97DE-AFDA9B238426}.Debug|x86.Build.0 = Debug|Any CPU
		{3238B812-E5F8-4140-97DE-AFDA9B238426}.Release|Any CPU.ActiveCfg = Release|Any CPU
		{3238B812-E5F8-4140-97DE-AFDA9B238426}.Release|Any CPU.Build.0 = Release|Any CPU
		{3238B812-E5F8-4140-97DE-AFDA9B238426}.Release|x64.ActiveCfg = Release|Any CPU
		{3238B812-E5F8-4140-97DE-AFDA9B238426}.Release|x64.Build.0 = Release|Any CPU
		{3238B812-E5F8-4140-97DE-AFDA9B238426}.Release|x86.ActiveCfg = Release|Any CPU
		{3238B812-E5F8-4140-97DE-AFDA9B238426}.Release|x86.Build.0 = Release|Any CPU
		{FE45CCB3-38DE-4C5E-95B7-D28423D6710A}.Debug|Any CPU.ActiveCfg = Debug|Any CPU
		{FE45CCB3-38DE-4C5E-95B7-D28423D6710A}.Debug|Any CPU.Build.0 = Debug|Any CPU
		{FE45CCB3-38DE-4C5E-95B7-D28423D6710A}.Debug|x64.ActiveCfg = Debug|Any CPU
		{FE45CCB3-38DE-4C5E-95B7-D28423D6710A}.Debug|x64.Build.0 = Debug|Any CPU
		{FE45CCB3-38DE-4C5E-95B7-D28423D6710A}.Debug|x86.ActiveCfg = Debug|Any CPU
		{FE45CCB3-38DE-4C5E-95B7-D28423D6710A}.Debug|x86.Build.0 = Debug|Any CPU
		{FE45CCB3-38DE-4C5E-95B7-D28423D6710A}.Release|Any CPU.ActiveCfg = Release|Any CPU
		{FE45CCB3-38DE-4C5E-95B7-D28423D6710A}.Release|Any CPU.Build.0 = Release|Any CPU
		{FE45CCB3-38DE-4C5E-95B7-D28423D6710A}.Release|x64.ActiveCfg = Release|Any CPU
		{FE45CCB3-38DE-4C5E-95B7-D28423D6710A}.Release|x64.Build.0 = Release|Any CPU
		{FE45CCB3-38DE-4C5E-95B7-D28423D6710A}.Release|x86.ActiveCfg = Release|Any CPU
		{FE45CCB3-38DE-4C5E-95B7-D28423D6710A}.Release|x86.Build.0 = Release|Any CPU
		{3EA2DDF0-DF7A-4AF0-AEB7-F763AFAFD4CC}.Debug|Any CPU.ActiveCfg = Debug|Any CPU
		{3EA2DDF0-DF7A-4AF0-AEB7-F763AFAFD4CC}.Debug|Any CPU.Build.0 = Debug|Any CPU
		{3EA2DDF0-DF7A-4AF0-AEB7-F763AFAFD4CC}.Debug|x64.ActiveCfg = Debug|Any CPU
		{3EA2DDF0-DF7A-4AF0-AEB7-F763AFAFD4CC}.Debug|x64.Build.0 = Debug|Any CPU
		{3EA2DDF0-DF7A-4AF0-AEB7-F763AFAFD4CC}.Debug|x86.ActiveCfg = Debug|Any CPU
		{3EA2DDF0-DF7A-4AF0-AEB7-F763AFAFD4CC}.Debug|x86.Build.0 = Debug|Any CPU
		{3EA2DDF0-DF7A-4AF0-AEB7-F763AFAFD4CC}.Release|Any CPU.ActiveCfg = Release|Any CPU
		{3EA2DDF0-DF7A-4AF0-AEB7-F763AFAFD4CC}.Release|Any CPU.Build.0 = Release|Any CPU
		{3EA2DDF0-DF7A-4AF0-AEB7-F763AFAFD4CC}.Release|x64.ActiveCfg = Release|Any CPU
		{3EA2DDF0-DF7A-4AF0-AEB7-F763AFAFD4CC}.Release|x64.Build.0 = Release|Any CPU
		{3EA2DDF0-DF7A-4AF0-AEB7-F763AFAFD4CC}.Release|x86.ActiveCfg = Release|Any CPU
		{3EA2DDF0-DF7A-4AF0-AEB7-F763AFAFD4CC}.Release|x86.Build.0 = Release|Any CPU
		{8AEE2110-684B-44C5-9880-842D3A9C194D}.Debug|Any CPU.ActiveCfg = Debug|Any CPU
		{8AEE2110-684B-44C5-9880-842D3A9C194D}.Debug|Any CPU.Build.0 = Debug|Any CPU
		{8AEE2110-684B-44C5-9880-842D3A9C194D}.Debug|x64.ActiveCfg = Debug|Any CPU
		{8AEE2110-684B-44C5-9880-842D3A9C194D}.Debug|x64.Build.0 = Debug|Any CPU
		{8AEE2110-684B-44C5-9880-842D3A9C194D}.Debug|x86.ActiveCfg = Debug|Any CPU
		{8AEE2110-684B-44C5-9880-842D3A9C194D}.Debug|x86.Build.0 = Debug|Any CPU
		{8AEE2110-684B-44C5-9880-842D3A9C194D}.Release|Any CPU.ActiveCfg = Release|Any CPU
		{8AEE2110-684B-44C5-9880-842D3A9C194D}.Release|Any CPU.Build.0 = Release|Any CPU
		{8AEE2110-684B-44C5-9880-842D3A9C194D}.Release|x64.ActiveCfg = Release|Any CPU
		{8AEE2110-684B-44C5-9880-842D3A9C194D}.Release|x64.Build.0 = Release|Any CPU
		{8AEE2110-684B-44C5-9880-842D3A9C194D}.Release|x86.ActiveCfg = Release|Any CPU
		{8AEE2110-684B-44C5-9880-842D3A9C194D}.Release|x86.Build.0 = Release|Any CPU
		{55EA3661-8891-4797-A2DF-3CC85DF9CBC1}.Debug|Any CPU.ActiveCfg = Debug|Any CPU
		{55EA3661-8891-4797-A2DF-3CC85DF9CBC1}.Debug|Any CPU.Build.0 = Debug|Any CPU
		{55EA3661-8891-4797-A2DF-3CC85DF9CBC1}.Debug|x64.ActiveCfg = Debug|Any CPU
		{55EA3661-8891-4797-A2DF-3CC85DF9CBC1}.Debug|x64.Build.0 = Debug|Any CPU
		{55EA3661-8891-4797-A2DF-3CC85DF9CBC1}.Debug|x86.ActiveCfg = Debug|Any CPU
		{55EA3661-8891-4797-A2DF-3CC85DF9CBC1}.Debug|x86.Build.0 = Debug|Any CPU
		{55EA3661-8891-4797-A2DF-3CC85DF9CBC1}.Release|Any CPU.ActiveCfg = Release|Any CPU
		{55EA3661-8891-4797-A2DF-3CC85DF9CBC1}.Release|Any CPU.Build.0 = Release|Any CPU
		{55EA3661-8891-4797-A2DF-3CC85DF9CBC1}.Release|x64.ActiveCfg = Release|Any CPU
		{55EA3661-8891-4797-A2DF-3CC85DF9CBC1}.Release|x64.Build.0 = Release|Any CPU
		{55EA3661-8891-4797-A2DF-3CC85DF9CBC1}.Release|x86.ActiveCfg = Release|Any CPU
		{55EA3661-8891-4797-A2DF-3CC85DF9CBC1}.Release|x86.Build.0 = Release|Any CPU
	EndGlobalSection
	GlobalSection(NestedProjects) = preSolution
		{3EA2DDF0-DF7A-4AF0-AEB7-F763AFAFD4CC} = {7BAB121C-2289-42AC-89DF-07381240252F}
		{8AEE2110-684B-44C5-9880-842D3A9C194D} = {7BAB121C-2289-42AC-89DF-07381240252F}
		{55EA3661-8891-4797-A2DF-3CC85DF9CBC1} = {7BAB121C-2289-42AC-89DF-07381240252F}
	EndGlobalSection
	GlobalSection(SolutionProperties) = preSolution
		HideSolutionNode = FALSE
	EndGlobalSection
EndGlobal
